
Microsoft Visual Studio Solution File, Format Version 12.00
# Visual Studio Version 17
VisualStudioVersion = 17.8.34511.84
MinimumVisualStudioVersion = 10.0.40219.1
Project("{9A19103F-16F7-4668-BE54-9A1E7A4F7556}") = "SalesWebMvc", "SalesWebMvc\SalesWebMvc.csproj", "{EAC39272-3714-4625-B771-1A8AC3146E3D}"
EndProject
Global
	GlobalSection(SolutionConfigurationPlatforms) = preSolution
		Debug|Any CPU = Debug|Any CPU
		Release|Any CPU = Release|Any CPU
	EndGlobalSection
	GlobalSection(ProjectConfigurationPlatforms) = postSolution
		{EAC39272-3714-4625-B771-1A8AC3146E3D}.Debug|Any CPU.ActiveCfg = Debug|Any CPU
		{EAC39272-3714-4625-B771-1A8AC3146E3D}.Debug|Any CPU.Build.0 = Debug|Any CPU
		{EAC39272-3714-4625-B771-1A8AC3146E3D}.Release|Any CPU.ActiveCfg = Release|Any CPU
		{EAC39272-3714-4625-B771-1A8AC3146E3D}.Release|Any CPU.Build.0 = Release|Any CPU
	EndGlobalSection
	GlobalSection(SolutionProperties) = preSolution
		HideSolutionNode = FALSE
	EndGlobalSection
	GlobalSection(ExtensibilityGlobals) = postSolution
		SolutionGuid = {6527F727-7DDE-4E62-84C2-BC1195F52595}
	EndGlobalSection
EndGlobal
